
Microsoft Visual Studio Solution File, Format Version 12.00
# Visual Studio Version 17
VisualStudioVersion = 17.14.36623.8 d17.14
MinimumVisualStudioVersion = 10.0.40219.1
Project("{FAE04EC0-301F-11D3-BF4B-00C04F79EFBC}") = "PostHub", "PostHub.csproj", "{98256993-8E65-4677-840C-74DF5A71428E}"
EndProject
Global
	GlobalSection(SolutionConfigurationPlatforms) = preSolution
		Debug|Any CPU = Debug|Any CPU
		Release|Any CPU = Release|Any CPU
	EndGlobalSection
	GlobalSection(ProjectConfigurationPlatforms) = postSolution
		{98256993-8E65-4677-840C-74DF5A71428E}.Debug|Any CPU.ActiveCfg = Debug|Any CPU
		{98256993-8E65-4677-840C-74DF5A71428E}.Debug|Any CPU.Build.0 = Debug|Any CPU
		{98256993-8E65-4677-840C-74DF5A71428E}.Release|Any CPU.ActiveCfg = Release|Any CPU
		{98256993-8E65-4677-840C-74DF5A71428E}.Release|Any CPU.Build.0 = Release|Any CPU
	EndGlobalSection
	GlobalSection(SolutionProperties) = preSolution
		HideSolutionNode = FALSE
	EndGlobalSection
	GlobalSection(ExtensibilityGlobals) = postSolution
		SolutionGuid = {93D46919-DB49-48A8-A0D1-8A4BA5A69F4D}
	EndGlobalSection
EndGlobal
